// !$*UTF8*$!
{
	archiveVersion = 1;
	classes = {
	};
	objectVersion = 50;
	objects = {

/* Begin PBXBuildFile section */
		5E03CFCE220602ED00116D48 /* defaultFlag.png in Resources */ = {isa = PBXBuildFile; fileRef = 5E03CFCD220602ED00116D48 /* defaultFlag.png */; };
		5E03CFD0220618FA00116D48 /* Aruba-Flag.png in Resources */ = {isa = PBXBuildFile; fileRef = 5E03CFCF220618FA00116D48 /* Aruba-Flag.png */; };
		5E03CFFB220A829D00116D48 /* CountryViewModel.swift in Sources */ = {isa = PBXBuildFile; fileRef = 5E03CFFA220A829D00116D48 /* CountryViewModel.swift */; };
		5E03D003220ABDEC00116D48 /* CountryDetailCell.swift in Sources */ = {isa = PBXBuildFile; fileRef = 5E03D002220ABDEC00116D48 /* CountryDetailCell.swift */; };
		5E14278F220C860E00186EB5 /* CoreDataManager.swift in Sources */ = {isa = PBXBuildFile; fileRef = 5E14278E220C860E00186EB5 /* CoreDataManager.swift */; };
		5E656D842205A84E00E5A503 /* AppDelegate.swift in Sources */ = {isa = PBXBuildFile; fileRef = 5E656D832205A84E00E5A503 /* AppDelegate.swift */; };
		5E656D862205A84E00E5A503 /* ViewController.swift in Sources */ = {isa = PBXBuildFile; fileRef = 5E656D852205A84E00E5A503 /* ViewController.swift */; };
		5E656D892205A84E00E5A503 /* Main.storyboard in Resources */ = {isa = PBXBuildFile; fileRef = 5E656D872205A84E00E5A503 /* Main.storyboard */; };
		5E656D8C2205A84E00E5A503 /* SearchCountry.xcdatamodeld in Sources */ = {isa = PBXBuildFile; fileRef = 5E656D8A2205A84E00E5A503 /* SearchCountry.xcdatamodeld */; };
		5E656D8E2205A86000E5A503 /* Assets.xcassets in Resources */ = {isa = PBXBuildFile; fileRef = 5E656D8D2205A86000E5A503 /* Assets.xcassets */; };
		5E656D912205A86000E5A503 /* LaunchScreen.storyboard in Resources */ = {isa = PBXBuildFile; fileRef = 5E656D8F2205A86000E5A503 /* LaunchScreen.storyboard */; };
		5E656D9D2205A92400E5A503 /* Reachability.swift in Sources */ = {isa = PBXBuildFile; fileRef = 5E656D9C2205A92400E5A503 /* Reachability.swift */; };
		5E656D9F2205AA0200E5A503 /* Country.swift in Sources */ = {isa = PBXBuildFile; fileRef = 5E656D9E2205AA0200E5A503 /* Country.swift */; };
		5E656DA12205B0E200E5A503 /* CountryDetailViewController.swift in Sources */ = {isa = PBXBuildFile; fileRef = 5E656DA02205B0E200E5A503 /* CountryDetailViewController.swift */; };
		5E656DA32205B1B000E5A503 /* MainViewController.swift in Sources */ = {isa = PBXBuildFile; fileRef = 5E656DA22205B1B000E5A503 /* MainViewController.swift */; };
		5E656DA52205B25D00E5A503 /* CountryCell.swift in Sources */ = {isa = PBXBuildFile; fileRef = 5E656DA42205B25D00E5A503 /* CountryCell.swift */; };
		E8F6F7B0BE48E9C4F8A2C340 /* Pods_SearchCountry.framework in Frameworks */ = {isa = PBXBuildFile; fileRef = A36C8394FF72F24506C51B83 /* Pods_SearchCountry.framework */; };
/* End PBXBuildFile section */

/* Begin PBXFileReference section */
		5E03CFCD220602ED00116D48 /* defaultFlag.png */ = {isa = PBXFileReference; lastKnownFileType = image.png; path = defaultFlag.png; sourceTree = "<group>"; };
		5E03CFCF220618FA00116D48 /* Aruba-Flag.png */ = {isa = PBXFileReference; lastKnownFileType = image.png; path = "Aruba-Flag.png"; sourceTree = "<group>"; };
		5E03CFFA220A829D00116D48 /* CountryViewModel.swift */ = {isa = PBXFileReference; lastKnownFileType = sourcecode.swift; path = CountryViewModel.swift; sourceTree = "<group>"; };
		5E03D002220ABDEC00116D48 /* CountryDetailCell.swift */ = {isa = PBXFileReference; lastKnownFileType = sourcecode.swift; path = CountryDetailCell.swift; sourceTree = "<group>"; };
		5E14278E220C860E00186EB5 /* CoreDataManager.swift */ = {isa = PBXFileReference; lastKnownFileType = sourcecode.swift; path = CoreDataManager.swift; sourceTree = "<group>"; };
		5E656D802205A84E00E5A503 /* SearchCountry.app */ = {isa = PBXFileReference; explicitFileType = wrapper.application; includeInIndex = 0; path = SearchCountry.app; sourceTree = BUILT_PRODUCTS_DIR; };
		5E656D832205A84E00E5A503 /* AppDelegate.swift */ = {isa = PBXFileReference; lastKnownFileType = sourcecode.swift; path = AppDelegate.swift; sourceTree = "<group>"; };
		5E656D852205A84E00E5A503 /* ViewController.swift */ = {isa = PBXFileReference; lastKnownFileType = sourcecode.swift; path = ViewController.swift; sourceTree = "<group>"; };
		5E656D882205A84E00E5A503 /* Base */ = {isa = PBXFileReference; lastKnownFileType = file.storyboard; name = Base; path = Base.lproj/Main.storyboard; sourceTree = "<group>"; };
		5E656D8B2205A84E00E5A503 /* SearchCountry.xcdatamodel */ = {isa = PBXFileReference; lastKnownFileType = wrapper.xcdatamodel; path = SearchCountry.xcdatamodel; sourceTree = "<group>"; };
		5E656D8D2205A86000E5A503 /* Assets.xcassets */ = {isa = PBXFileReference; lastKnownFileType = folder.assetcatalog; path = Assets.xcassets; sourceTree = "<group>"; };
		5E656D902205A86000E5A503 /* Base */ = {isa = PBXFileReference; lastKnownFileType = file.storyboard; name = Base; path = Base.lproj/LaunchScreen.storyboard; sourceTree = "<group>"; };
		5E656D922205A86000E5A503 /* Info.plist */ = {isa = PBXFileReference; lastKnownFileType = text.plist.xml; path = Info.plist; sourceTree = "<group>"; };
		5E656D9C2205A92400E5A503 /* Reachability.swift */ = {isa = PBXFileReference; lastKnownFileType = sourcecode.swift; path = Reachability.swift; sourceTree = "<group>"; };
		5E656D9E2205AA0200E5A503 /* Country.swift */ = {isa = PBXFileReference; lastKnownFileType = sourcecode.swift; path = Country.swift; sourceTree = "<group>"; };
		5E656DA02205B0E200E5A503 /* CountryDetailViewController.swift */ = {isa = PBXFileReference; lastKnownFileType = sourcecode.swift; path = CountryDetailViewController.swift; sourceTree = "<group>"; };
		5E656DA22205B1B000E5A503 /* MainViewController.swift */ = {isa = PBXFileReference; lastKnownFileType = sourcecode.swift; path = MainViewController.swift; sourceTree = "<group>"; };
		5E656DA42205B25D00E5A503 /* CountryCell.swift */ = {isa = PBXFileReference; lastKnownFileType = sourcecode.swift; path = CountryCell.swift; sourceTree = "<group>"; };
		A36C8394FF72F24506C51B83 /* Pods_SearchCountry.framework */ = {isa = PBXFileReference; explicitFileType = wrapper.framework; includeInIndex = 0; path = Pods_SearchCountry.framework; sourceTree = BUILT_PRODUCTS_DIR; };
		C31812B39D5A1CF311ECF698 /* Pods-SearchCountry.release.xcconfig */ = {isa = PBXFileReference; includeInIndex = 1; lastKnownFileType = text.xcconfig; name = "Pods-SearchCountry.release.xcconfig"; path = "Pods/Target Support Files/Pods-SearchCountry/Pods-SearchCountry.release.xcconfig"; sourceTree = "<group>"; };
		F9348FEEDC0AEF37A160E8D2 /* Pods-SearchCountry.debug.xcconfig */ = {isa = PBXFileReference; includeInIndex = 1; lastKnownFileType = text.xcconfig; name = "Pods-SearchCountry.debug.xcconfig"; path = "Pods/Target Support Files/Pods-SearchCountry/Pods-SearchCountry.debug.xcconfig"; sourceTree = "<group>"; };
/* End PBXFileReference section */

/* Begin PBXFrameworksBuildPhase section */
		5E656D7D2205A84E00E5A503 /* Frameworks */ = {
			isa = PBXFrameworksBuildPhase;
			buildActionMask = 2147483647;
			files = (
				E8F6F7B0BE48E9C4F8A2C340 /* Pods_SearchCountry.framework in Frameworks */,
			);
			runOnlyForDeploymentPostprocessing = 0;
		};
/* End PBXFrameworksBuildPhase section */

/* Begin PBXGroup section */
		5E656D772205A84E00E5A503 = {
			isa = PBXGroup;
			children = (
				5E656D822205A84E00E5A503 /* SearchCountry */,
				5E656D812205A84E00E5A503 /* Products */,
				A15BDB93FC555B6C991D7984 /* Pods */,
				A4FF927BEC62687F3D1541ED /* Frameworks */,
			);
			sourceTree = "<group>";
		};
		5E656D812205A84E00E5A503 /* Products */ = {
			isa = PBXGroup;
			children = (
				5E656D802205A84E00E5A503 /* SearchCountry.app */,
			);
			name = Products;
			sourceTree = "<group>";
		};
		5E656D822205A84E00E5A503 /* SearchCountry */ = {
			isa = PBXGroup;
			children = (
				5E656D9B2205A88900E5A503 /* Utility */,
				5E656D9A2205A88200E5A503 /* View */,
				5E656D992205A87B00E5A503 /* ViewModel */,
				5E656D982205A87200E5A503 /* Model */,
				5E656D832205A84E00E5A503 /* AppDelegate.swift */,
				5E656D852205A84E00E5A503 /* ViewController.swift */,
				5E656D872205A84E00E5A503 /* Main.storyboard */,
				5E656D8D2205A86000E5A503 /* Assets.xcassets */,
				5E656D8F2205A86000E5A503 /* LaunchScreen.storyboard */,
				5E656D922205A86000E5A503 /* Info.plist */,
				5E656D8A2205A84E00E5A503 /* SearchCountry.xcdatamodeld */,
			);
			path = SearchCountry;
			sourceTree = "<group>";
		};
		5E656D982205A87200E5A503 /* Model */ = {
			isa = PBXGroup;
			children = (
				5E656D9E2205AA0200E5A503 /* Country.swift */,
			);
			path = Model;
			sourceTree = "<group>";
		};
		5E656D992205A87B00E5A503 /* ViewModel */ = {
			isa = PBXGroup;
			children = (
				5E03CFFA220A829D00116D48 /* CountryViewModel.swift */,
				5E14278E220C860E00186EB5 /* CoreDataManager.swift */,
			);
			path = ViewModel;
			sourceTree = "<group>";
		};
		5E656D9A2205A88200E5A503 /* View */ = {
			isa = PBXGroup;
			children = (
				5E656DA02205B0E200E5A503 /* CountryDetailViewController.swift */,
				5E656DA22205B1B000E5A503 /* MainViewController.swift */,
				5E656DA42205B25D00E5A503 /* CountryCell.swift */,
				5E03D002220ABDEC00116D48 /* CountryDetailCell.swift */,
			);
			path = View;
			sourceTree = "<group>";
		};
		5E656D9B2205A88900E5A503 /* Utility */ = {
			isa = PBXGroup;
			children = (
				5E03CFCD220602ED00116D48 /* defaultFlag.png */,
				5E03CFCF220618FA00116D48 /* Aruba-Flag.png */,
				5E656D9C2205A92400E5A503 /* Reachability.swift */,
			);
			path = Utility;
			sourceTree = "<group>";
		};
		A15BDB93FC555B6C991D7984 /* Pods */ = {
			isa = PBXGroup;
			children = (
				F9348FEEDC0AEF37A160E8D2 /* Pods-SearchCountry.debug.xcconfig */,
				C31812B39D5A1CF311ECF698 /* Pods-SearchCountry.release.xcconfig */,
			);
			name = Pods;
			sourceTree = "<group>";
		};
		A4FF927BEC62687F3D1541ED /* Frameworks */ = {
			isa = PBXGroup;
			children = (
				A36C8394FF72F24506C51B83 /* Pods_SearchCountry.framework */,
			);
			name = Frameworks;
			sourceTree = "<group>";
		};
/* End PBXGroup section */

/* Begin PBXNativeTarget section */
		5E656D7F2205A84E00E5A503 /* SearchCountry */ = {
			isa = PBXNativeTarget;
			buildConfigurationList = 5E656D952205A86000E5A503 /* Build configuration list for PBXNativeTarget "SearchCountry" */;
			buildPhases = (
				BD543850AED0876B793A6755 /* [CP] Check Pods Manifest.lock */,
				5E656D7C2205A84E00E5A503 /* Sources */,
				5E656D7D2205A84E00E5A503 /* Frameworks */,
				5E656D7E2205A84E00E5A503 /* Resources */,
				295E38CEE92BA247ADFF9E61 /* [CP] Embed Pods Frameworks */,
			);
			buildRules = (
			);
			dependencies = (
			);
			name = SearchCountry;
			productName = SearchCountry;
			productReference = 5E656D802205A84E00E5A503 /* SearchCountry.app */;
			productType = "com.apple.product-type.application";
		};
/* End PBXNativeTarget section */

/* Begin PBXProject section */
		5E656D782205A84E00E5A503 /* Project object */ = {
			isa = PBXProject;
			attributes = {
				LastSwiftUpdateCheck = 1010;
				LastUpgradeCheck = 1010;
				ORGANIZATIONNAME = cdp;
				TargetAttributes = {
					5E656D7F2205A84E00E5A503 = {
						CreatedOnToolsVersion = 10.1;
					};
				};
			};
			buildConfigurationList = 5E656D7B2205A84E00E5A503 /* Build configuration list for PBXProject "SearchCountry" */;
			compatibilityVersion = "Xcode 9.3";
			developmentRegion = en;
			hasScannedForEncodings = 0;
			knownRegions = (
				en,
				Base,
			);
			mainGroup = 5E656D772205A84E00E5A503;
			productRefGroup = 5E656D812205A84E00E5A503 /* Products */;
			projectDirPath = "";
			projectRoot = "";
			targets = (
				5E656D7F2205A84E00E5A503 /* SearchCountry */,
			);
		};
/* End PBXProject section */

/* Begin PBXResourcesBuildPhase section */
		5E656D7E2205A84E00E5A503 /* Resources */ = {
			isa = PBXResourcesBuildPhase;
			buildActionMask = 2147483647;
			files = (
				5E656D912205A86000E5A503 /* LaunchScreen.storyboard in Resources */,
				5E656D8E2205A86000E5A503 /* Assets.xcassets in Resources */,
				5E656D892205A84E00E5A503 /* Main.storyboard in Resources */,
				5E03CFCE220602ED00116D48 /* defaultFlag.png in Resources */,
				5E03CFD0220618FA00116D48 /* Aruba-Flag.png in Resources */,
			);
			runOnlyForDeploymentPostprocessing = 0;
		};
/* End PBXResourcesBuildPhase section */

/* Begin PBXShellScriptBuildPhase section */
		295E38CEE92BA247ADFF9E61 /* [CP] Embed Pods Frameworks */ = {
			isa = PBXShellScriptBuildPhase;
			buildActionMask = 2147483647;
			files = (
			);
			inputFileListPaths = (
			);
			inputPaths = (
				"${SRCROOT}/Pods/Target Support Files/Pods-SearchCountry/Pods-SearchCountry-frameworks.sh",
				"${BUILT_PRODUCTS_DIR}/CocoaLumberjack/CocoaLumberjack.framework",
				"${BUILT_PRODUCTS_DIR}/SVGKit/SVGKit.framework",
				"${BUILT_PRODUCTS_DIR}/SwiftSVG/SwiftSVG.framework",
			);
			name = "[CP] Embed Pods Frameworks";
			outputFileListPaths = (
			);
			outputPaths = (
				"${TARGET_BUILD_DIR}/${FRAMEWORKS_FOLDER_PATH}/CocoaLumberjack.framework",
				"${TARGET_BUILD_DIR}/${FRAMEWORKS_FOLDER_PATH}/SVGKit.framework",
				"${TARGET_BUILD_DIR}/${FRAMEWORKS_FOLDER_PATH}/SwiftSVG.framework",
			);
			runOnlyForDeploymentPostprocessing = 0;
			shellPath = /bin/sh;
			shellScript = "\"${SRCROOT}/Pods/Target Support Files/Pods-SearchCountry/Pods-SearchCountry-frameworks.sh\"\n";
			showEnvVarsInLog = 0;
		};
		BD543850AED0876B793A6755 /* [CP] Check Pods Manifest.lock */ = {
			isa = PBXShellScriptBuildPhase;
			buildActionMask = 2147483647;
			files = (
			);
			inputFileListPaths = (
			);
			inputPaths = (
				"${PODS_PODFILE_DIR_PATH}/Podfile.lock",
				"${PODS_ROOT}/Manifest.lock",
			);
			name = "[CP] Check Pods Manifest.lock";
			outputFileListPaths = (
			);
			outputPaths = (
				"$(DERIVED_FILE_DIR)/Pods-SearchCountry-checkManifestLockResult.txt",
			);
			runOnlyForDeploymentPostprocessing = 0;
			shellPath = /bin/sh;
			shellScript = "diff \"${PODS_PODFILE_DIR_PATH}/Podfile.lock\" \"${PODS_ROOT}/Manifest.lock\" > /dev/null\nif [ $? != 0 ] ; then\n    # print error to STDERR\n    echo \"error: The sandbox is not in sync with the Podfile.lock. Run 'pod install' or update your CocoaPods installation.\" >&2\n    exit 1\nfi\n# This output is used by Xcode 'outputs' to avoid re-running this script phase.\necho \"SUCCESS\" > \"${SCRIPT_OUTPUT_FILE_0}\"\n";
			showEnvVarsInLog = 0;
		};
/* End PBXShellScriptBuildPhase section */

/* Begin PBXSourcesBuildPhase section */
		5E656D7C2205A84E00E5A503 /* Sources */ = {
			isa = PBXSourcesBuildPhase;
			buildActionMask = 2147483647;
			files = (
				5E656DA52205B25D00E5A503 /* CountryCell.swift in Sources */,
				5E656DA32205B1B000E5A503 /* MainViewController.swift in Sources */,
				5E656DA12205B0E200E5A503 /* CountryDetailViewController.swift in Sources */,
				5E656D8C2205A84E00E5A503 /* SearchCountry.xcdatamodeld in Sources */,
				5E656D862205A84E00E5A503 /* ViewController.swift in Sources */,
				5E656D9D2205A92400E5A503 /* Reachability.swift in Sources */,
				5E14278F220C860E00186EB5 /* CoreDataManager.swift in Sources */,
				5E656D9F2205AA0200E5A503 /* Country.swift in Sources */,
				5E656D842205A84E00E5A503 /* AppDelegate.swift in Sources */,
				5E03D003220ABDEC00116D48 /* CountryDetailCell.swift in Sources */,
				5E03CFFB220A829D00116D48 /* CountryViewModel.swift in Sources */,
			);
			runOnlyForDeploymentPostprocessing = 0;
		};
/* End PBXSourcesBuildPhase section */

/* Begin PBXVariantGroup section */
		5E656D872205A84E00E5A503 /* Main.storyboard */ = {
			isa = PBXVariantGroup;
			children = (
				5E656D882205A84E00E5A503 /* Base */,
			);
			name = Main.storyboard;
			sourceTree = "<group>";
		};
		5E656D8F2205A86000E5A503 /* LaunchScreen.storyboard */ = {
			isa = PBXVariantGroup;
			children = (
				5E656D902205A86000E5A503 /* Base */,
			);
			name = LaunchScreen.storyboard;
			sourceTree = "<group>";
		};
/* End PBXVariantGroup section */

/* Begin XCBuildConfiguration section */
		5E656D932205A86000E5A503 /* Debug */ = {
			isa = XCBuildConfiguration;
			buildSettings = {
				ALWAYS_SEARCH_USER_PATHS = NO;
				CLANG_ANALYZER_NONNULL = YES;
				CLANG_ANALYZER_NUMBER_OBJECT_CONVERSION = YES_AGGRESSIVE;
				CLANG_CXX_LANGUAGE_STANDARD = "gnu++14";
				CLANG_CXX_LIBRARY = "libc++";
				CLANG_ENABLE_MODULES = YES;
				CLANG_ENABLE_OBJC_ARC = YES;
				CLANG_ENABLE_OBJC_WEAK = YES;
				CLANG_WARN_BLOCK_CAPTURE_AUTORELEASING = YES;
				CLANG_WARN_BOOL_CONVERSION = YES;
				CLANG_WARN_COMMA = YES;
				CLANG_WARN_CONSTANT_CONVERSION = YES;
				CLANG_WARN_DEPRECATED_OBJC_IMPLEMENTATIONS = YES;
				CLANG_WARN_DIRECT_OBJC_ISA_USAGE = YES_ERROR;
				CLANG_WARN_DOCUMENTATION_COMMENTS = YES;
				CLANG_WARN_EMPTY_BODY = YES;
				CLANG_WARN_ENUM_CONVERSION = YES;
				CLANG_WARN_INFINITE_RECURSION = YES;
				CLANG_WARN_INT_CONVERSION = YES;
				CLANG_WARN_NON_LITERAL_NULL_CONVERSION = YES;
				CLANG_WARN_OBJC_IMPLICIT_RETAIN_SELF = YES;
				CLANG_WARN_OBJC_LITERAL_CONVERSION = YES;
				CLANG_WARN_OBJC_ROOT_CLASS = YES_ERROR;
				CLANG_WARN_RANGE_LOOP_ANALYSIS = YES;
				CLANG_WARN_STRICT_PROTOTYPES = YES;
				CLANG_WARN_SUSPICIOUS_MOVE = YES;
				CLANG_WARN_UNGUARDED_AVAILABILITY = YES_AGGRESSIVE;
				CLANG_WARN_UNREACHABLE_CODE = YES;
				CLANG_WARN__DUPLICATE_METHOD_MATCH = YES;
				CODE_SIGN_IDENTITY = "iPhone Developer";
				COPY_PHASE_STRIP = NO;
				DEBUG_INFORMATION_FORMAT = dwarf;
				ENABLE_STRICT_OBJC_MSGSEND = YES;
				ENABLE_TESTABILITY = YES;
				GCC_C_LANGUAGE_STANDARD = gnu11;
				GCC_DYNAMIC_NO_PIC = NO;
				GCC_NO_COMMON_BLOCKS = YES;
				GCC_OPTIMIZATION_LEVEL = 0;
				GCC_PREPROCESSOR_DEFINITIONS = (
					"DEBUG=1",
					"$(inherited)",
				);
				GCC_WARN_64_TO_32_BIT_CONVERSION = YES;
				GCC_WARN_ABOUT_RETURN_TYPE = YES_ERROR;
				GCC_WARN_UNDECLARED_SELECTOR = YES;
				GCC_WARN_UNINITIALIZED_AUTOS = YES_AGGRESSIVE;
				GCC_WARN_UNUSED_FUNCTION = YES;
				GCC_WARN_UNUSED_VARIABLE = YES;
				IPHONEOS_DEPLOYMENT_TARGET = 12.1;
				MTL_ENABLE_DEBUG_INFO = INCLUDE_SOURCE;
				MTL_FAST_MATH = YES;
				ONLY_ACTIVE_ARCH = YES;
				SDKROOT = iphoneos;
				SWIFT_ACTIVE_COMPILATION_CONDITIONS = DEBUG;
				SWIFT_OPTIMIZATION_LEVEL = "-Onone";
			};
			name = Debug;
		};
		5E656D942205A86000E5A503 /* Release */ = {
			isa = XCBuildConfiguration;
			buildSettings = {
				ALWAYS_SEARCH_USER_PATHS = NO;
				CLANG_ANALYZER_NONNULL = YES;
				CLANG_ANALYZER_NUMBER_OBJECT_CONVERSION = YES_AGGRESSIVE;
				CLANG_CXX_LANGUAGE_STANDARD = "gnu++14";
				CLANG_CXX_LIBRARY = "libc++";
				CLANG_ENABLE_MODULES = YES;
				CLANG_ENABLE_OBJC_ARC = YES;
				CLANG_ENABLE_OBJC_WEAK = YES;
				CLANG_WARN_BLOCK_CAPTURE_AUTORELEASING = YES;
				CLANG_WARN_BOOL_CONVERSION = YES;
				CLANG_WARN_COMMA = YES;
				CLANG_WARN_CONSTANT_CONVERSION = YES;
				CLANG_WARN_DEPRECATED_OBJC_IMPLEMENTATIONS = YES;
				CLANG_WARN_DIRECT_OBJC_ISA_USAGE = YES_ERROR;
				CLANG_WARN_DOCUMENTATION_COMMENTS = YES;
				CLANG_WARN_EMPTY_BODY = YES;
				CLANG_WARN_ENUM_CONVERSION = YES;
				CLANG_WARN_INFINITE_RECURSION = YES;
				CLANG_WARN_INT_CONVERSION = YES;
				CLANG_WARN_NON_LITERAL_NULL_CONVERSION = YES;
				CLANG_WARN_OBJC_IMPLICIT_RETAIN_SELF = YES;
				CLANG_WARN_OBJC_LITERAL_CONVERSION = YES;
				CLANG_WARN_OBJC_ROOT_CLASS = YES_ERROR;
				CLANG_WARN_RANGE_LOOP_ANALYSIS = YES;
				CLANG_WARN_STRICT_PROTOTYPES = YES;
				CLANG_WARN_SUSPICIOUS_MOVE = YES;
				CLANG_WARN_UNGUARDED_AVAILABILITY = YES_AGGRESSIVE;
				CLANG_WARN_UNREACHABLE_CODE = YES;
				CLANG_WARN__DUPLICATE_METHOD_MATCH = YES;
				CODE_SIGN_IDENTITY = "iPhone Developer";
				COPY_PHASE_STRIP = NO;
				DEBUG_INFORMATION_FORMAT = "dwarf-with-dsym";
				ENABLE_NS_ASSERTIONS = NO;
				ENABLE_STRICT_OBJC_MSGSEND = YES;
				GCC_C_LANGUAGE_STANDARD = gnu11;
				GCC_NO_COMMON_BLOCKS = YES;
				GCC_WARN_64_TO_32_BIT_CONVERSION = YES;
				GCC_WARN_ABOUT_RETURN_TYPE = YES_ERROR;
				GCC_WARN_UNDECLARED_SELECTOR = YES;
				GCC_WARN_UNINITIALIZED_AUTOS = YES_AGGRESSIVE;
				GCC_WARN_UNUSED_FUNCTION = YES;
				GCC_WARN_UNUSED_VARIABLE = YES;
				IPHONEOS_DEPLOYMENT_TARGET = 12.1;
				MTL_ENABLE_DEBUG_INFO = NO;
				MTL_FAST_MATH = YES;
				SDKROOT = iphoneos;
				SWIFT_COMPILATION_MODE = wholemodule;
				SWIFT_OPTIMIZATION_LEVEL = "-O";
				VALIDATE_PRODUCT = YES;
			};
			name = Release;
		};
		5E656D962205A86000E5A503 /* Debug */ = {
			isa = XCBuildConfiguration;
			baseConfigurationReference = F9348FEEDC0AEF37A160E8D2 /* Pods-SearchCountry.debug.xcconfig */;
			buildSettings = {
				ASSETCATALOG_COMPILER_APPICON_NAME = AppIcon;
				CODE_SIGN_STYLE = Automatic;
				INFOPLIST_FILE = SearchCountry/Info.plist;
				LD_RUNPATH_SEARCH_PATHS = (
					"$(inherited)",
					"@executable_path/Frameworks",
				);
				PRODUCT_BUNDLE_IDENTIFIER = TestApp.SearchCountry;
				PRODUCT_NAME = "$(TARGET_NAME)";
				SWIFT_VERSION = 4.2;
				TARGETED_DEVICE_FAMILY = "1,2";
			};
			name = Debug;
		};
		5E656D972205A86000E5A503 /* Release */ = {
			isa = XCBuildConfiguration;
			baseConfigurationReference = C31812B39D5A1CF311ECF698 /* Pods-SearchCountry.release.xcconfig */;
			buildSettings = {
				ASSETCATALOG_COMPILER_APPICON_NAME = AppIcon;
				CODE_SIGN_STYLE = Automatic;
				INFOPLIST_FILE = SearchCountry/Info.plist;
				LD_RUNPATH_SEARCH_PATHS = (
					"$(inherited)",
					"@executable_path/Frameworks",
				);
				PRODUCT_BUNDLE_IDENTIFIER = TestApp.SearchCountry;
				PRODUCT_NAME = "$(TARGET_NAME)";
				SWIFT_VERSION = 4.2;
				TARGETED_DEVICE_FAMILY = "1,2";
			};
			name = Release;
		};
/* End XCBuildConfiguration section */

/* Begin XCConfigurationList section */
		5E656D7B2205A84E00E5A503 /* Build configuration list for PBXProject "SearchCountry" */ = {
			isa = XCConfigurationList;
			buildConfigurations = (
				5E656D932205A86000E5A503 /* Debug */,
				5E656D942205A86000E5A503 /* Release */,
			);
			defaultConfigurationIsVisible = 0;
			defaultConfigurationName = Release;
		};
		5E656D952205A86000E5A503 /* Build configuration list for PBXNativeTarget "SearchCountry" */ = {
			isa = XCConfigurationList;
			buildConfigurations = (
				5E656D962205A86000E5A503 /* Debug */,
				5E656D972205A86000E5A503 /* Release */,
			);
			defaultConfigurationIsVisible = 0;
			defaultConfigurationName = Release;
		};
/* End XCConfigurationList section */

/* Begin XCVersionGroup section */
		5E656D8A2205A84E00E5A503 /* SearchCountry.xcdatamodeld */ = {
			isa = XCVersionGroup;
			children = (
				5E656D8B2205A84E00E5A503 /* SearchCountry.xcdatamodel */,
			);
			currentVersion = 5E656D8B2205A84E00E5A503 /* SearchCountry.xcdatamodel */;
			path = SearchCountry.xcdatamodeld;
			sourceTree = "<group>";
			versionGroupType = wrapper.xcdatamodel;
		};
/* End XCVersionGroup section */
	};
	rootObject = 5E656D782205A84E00E5A503 /* Project object */;
}
